
Microsoft Visual Studio Solution File, Format Version 12.00
# Visual Studio 15
VisualStudioVersion = 15.0.28307.168
MinimumVisualStudioVersion = 10.0.40219.1
Project("{9A19103F-16F7-4668-BE54-9A1E7A4F7556}") = "NdArray", "NdArray\NdArray.csproj", "{19970074-8DE1-4781-9C19-D4DFC952B815}"
EndProject
Project("{9A19103F-16F7-4668-BE54-9A1E7A4F7556}") = "NdArrayUnitTest", "NdArrayUnitTest\NdArrayUnitTest.csproj", "{102F58C5-3218-46F5-B389-F0FD067785C8}"
EndProject
Project("{FAE04EC0-301F-11D3-BF4B-00C04F79EFBC}") = "NumCs", "NumCs\NumCs.csproj", "{6DC8A0F7-A8DB-4418-863E-E5087FEF074A}"
EndProject
Project("{FAE04EC0-301F-11D3-BF4B-00C04F79EFBC}") = "NumCsUnitTest", "NumCsUnitTest\NumCsUnitTest.csproj", "{E332EB1E-D76B-4B59-8DA0-38C2165F4508}"
EndProject
Global
	GlobalSection(SolutionConfigurationPlatforms) = preSolution
		Debug|Any CPU = Debug|Any CPU
		Release|Any CPU = Release|Any CPU
	EndGlobalSection
	GlobalSection(ProjectConfigurationPlatforms) = postSolution
		{19970074-8DE1-4781-9C19-D4DFC952B815}.Debug|Any CPU.ActiveCfg = Debug|Any CPU
		{19970074-8DE1-4781-9C19-D4DFC952B815}.Debug|Any CPU.Build.0 = Debug|Any CPU
		{19970074-8DE1-4781-9C19-D4DFC952B815}.Release|Any CPU.ActiveCfg = Release|Any CPU
		{19970074-8DE1-4781-9C19-D4DFC952B815}.Release|Any CPU.Build.0 = Release|Any CPU
		{102F58C5-3218-46F5-B389-F0FD067785C8}.Debug|Any CPU.ActiveCfg = Debug|Any CPU
		{102F58C5-3218-46F5-B389-F0FD067785C8}.Debug|Any CPU.Build.0 = Debug|Any CPU
		{102F58C5-3218-46F5-B389-F0FD067785C8}.Release|Any CPU.ActiveCfg = Release|Any CPU
		{102F58C5-3218-46F5-B389-F0FD067785C8}.Release|Any CPU.Build.0 = Release|Any CPU
		{6DC8A0F7-A8DB-4418-863E-E5087FEF074A}.Debug|Any CPU.ActiveCfg = Debug|Any CPU
		{6DC8A0F7-A8DB-4418-863E-E5087FEF074A}.Debug|Any CPU.Build.0 = Debug|Any CPU
		{6DC8A0F7-A8DB-4418-863E-E5087FEF074A}.Release|Any CPU.ActiveCfg = Release|Any CPU
		{6DC8A0F7-A8DB-4418-863E-E5087FEF074A}.Release|Any CPU.Build.0 = Release|Any CPU
		{E332EB1E-D76B-4B59-8DA0-38C2165F4508}.Debug|Any CPU.ActiveCfg = Debug|Any CPU
		{E332EB1E-D76B-4B59-8DA0-38C2165F4508}.Debug|Any CPU.Build.0 = Debug|Any CPU
		{E332EB1E-D76B-4B59-8DA0-38C2165F4508}.Release|Any CPU.ActiveCfg = Release|Any CPU
		{E332EB1E-D76B-4B59-8DA0-38C2165F4508}.Release|Any CPU.Build.0 = Release|Any CPU
	EndGlobalSection
	GlobalSection(SolutionProperties) = preSolution
		HideSolutionNode = FALSE
	EndGlobalSection
	GlobalSection(ExtensibilityGlobals) = postSolution
		SolutionGuid = {5CCE64B6-01C3-4437-BB97-5556D2401DE2}
	EndGlobalSection
EndGlobal
